<?xml version="1.0" encoding="utf-8"?>
<Project ToolsVersion="17.0" xmlns="http://schemas.microsoft.com/developer/msbuild/2003">
  <ItemGroup>
    <CustomBuild Include="C:\Users\robyn\.vscode\Quantum\build-vs\CMakeFiles\04a6ea1117d5f107e25ce149f6c20151\generate.stamp.rule">
      <Filter>CMake Rules</Filter>
    </CustomBuild>
  </ItemGroup>
  <ItemGroup>
    <Filter Include="CMake Rules">
      <UniqueIdentifier>{6185E5C7-1869-3697-8EDA-19B6FB160E53}</UniqueIdentifier>
    </Filter>
  </ItemGroup>
</Project>
